// !$*UTF8*$!
{
	archiveVersion = 1;
	classes = {
	};
	objectVersion = 56;
	objects = {

/* Begin PBXBuildFile section */
		CE4CF5E12A69CE3F00A206BD /* AppDelegate.swift in Sources */ = {isa = PBXBuildFile; fileRef = CE4CF5E02A69CE3F00A206BD /* AppDelegate.swift */; };
		CE4CF5E32A69CE3F00A206BD /* SceneDelegate.swift in Sources */ = {isa = PBXBuildFile; fileRef = CE4CF5E22A69CE3F00A206BD /* SceneDelegate.swift */; };
		CE4CF5E52A69CE3F00A206BD /* ViewController.swift in Sources */ = {isa = PBXBuildFile; fileRef = CE4CF5E42A69CE3F00A206BD /* ViewController.swift */; };
		CE4CF5EA2A69CE4100A206BD /* Assets.xcassets in Resources */ = {isa = PBXBuildFile; fileRef = CE4CF5E92A69CE4100A206BD /* Assets.xcassets */; };
		CE4CF5ED2A69CE4100A206BD /* LaunchScreen.storyboard in Resources */ = {isa = PBXBuildFile; fileRef = CE4CF5EB2A69CE4100A206BD /* LaunchScreen.storyboard */; };
/* End PBXBuildFile section */

/* Begin PBXFileReference section */
		CE4CF5DD2A69CE3F00A206BD /* IOS10-HW14-OZMANYAN AMO.app */ = {isa = PBXFileReference; explicitFileType = wrapper.application; includeInIndex = 0; path = "IOS10-HW14-OZMANYAN AMO.app"; sourceTree = BUILT_PRODUCTS_DIR; };
		CE4CF5E02A69CE3F00A206BD /* AppDelegate.swift */ = {isa = PBXFileReference; lastKnownFileType = sourcecode.swift; path = AppDelegate.swift; sourceTree = "<group>"; };
		CE4CF5E22A69CE3F00A206BD /* SceneDelegate.swift */ = {isa = PBXFileReference; lastKnownFileType = sourcecode.swift; path = SceneDelegate.swift; sourceTree = "<group>"; };
		CE4CF5E42A69CE3F00A206BD /* ViewController.swift */ = {isa = PBXFileReference; lastKnownFileType = sourcecode.swift; path = ViewController.swift; sourceTree = "<group>"; };
		CE4CF5E92A69CE4100A206BD /* Assets.xcassets */ = {isa = PBXFileReference; lastKnownFileType = folder.assetcatalog; path = Assets.xcassets; sourceTree = "<group>"; };
		CE4CF5EC2A69CE4100A206BD /* Base */ = {isa = PBXFileReference; lastKnownFileType = file.storyboard; name = Base; path = Base.lproj/LaunchScreen.storyboard; sourceTree = "<group>"; };
		CE4CF5EE2A69CE4100A206BD /* Info.plist */ = {isa = PBXFileReference; lastKnownFileType = text.plist.xml; path = Info.plist; sourceTree = "<group>"; };
/* End PBXFileReference section */

/* Begin PBXFrameworksBuildPhase section */
		CE4CF5DA2A69CE3F00A206BD /* Frameworks */ = {
			isa = PBXFrameworksBuildPhase;
			buildActionMask = 2147483647;
			files = (
			);
			runOnlyForDeploymentPostprocessing = 0;
		};
/* End PBXFrameworksBuildPhase section */

/* Begin PBXGroup section */
		CE4CF5D42A69CE3F00A206BD = {
			isa = PBXGroup;
			children = (
				CE4CF5DF2A69CE3F00A206BD /* IOS10-HW14-OZMANYAN AMO */,
				CE4CF5DE2A69CE3F00A206BD /* Products */,
			);
			sourceTree = "<group>";
		};
		CE4CF5DE2A69CE3F00A206BD /* Products */ = {
			isa = PBXGroup;
			children = (
				CE4CF5DD2A69CE3F00A206BD /* IOS10-HW14-OZMANYAN AMO.app */,
			);
			name = Products;
			sourceTree = "<group>";
		};
		CE4CF5DF2A69CE3F00A206BD /* IOS10-HW14-OZMANYAN AMO */ = {
			isa = PBXGroup;
			children = (
				CE4CF5F62A69CFEF00A206BD /* Sourses */,
				CE4CF5F52A69CFD700A206BD /* App */,
				CE4CF5F42A69CFA300A206BD /* Resourses */,
			);
			path = "IOS10-HW14-OZMANYAN AMO";
			sourceTree = "<group>";
		};
		CE4CF5F42A69CFA300A206BD /* Resourses */ = {
			isa = PBXGroup;
			children = (
				CE4CF5EB2A69CE4100A206BD /* LaunchScreen.storyboard */,
				CE4CF5E92A69CE4100A206BD /* Assets.xcassets */,
				CE4CF5EE2A69CE4100A206BD /* Info.plist */,
			);
			path = Resourses;
			sourceTree = "<group>";
		};
		CE4CF5F52A69CFD700A206BD /* App */ = {
			isa = PBXGroup;
			children = (
				CE4CF5E02A69CE3F00A206BD /* AppDelegate.swift */,
				CE4CF5E22A69CE3F00A206BD /* SceneDelegate.swift */,
			);
			path = App;
			sourceTree = "<group>";
		};
		CE4CF5F62A69CFEF00A206BD /* Sourses */ = {
			isa = PBXGroup;
			children = (
				CE4CF5FA2A69D01D00A206BD /* Cell */,
				CE4CF5F92A69D00D00A206BD /* Header */,
				CE4CF5F82A69D00600A206BD /* Model */,
				CE4CF5F72A69CFFC00A206BD /* View */,
				CE4CF5E42A69CE3F00A206BD /* ViewController.swift */,
			);
			path = Sourses;
			sourceTree = "<group>";
		};
		CE4CF5F72A69CFFC00A206BD /* View */ = {
			isa = PBXGroup;
			children = (
			);
			path = View;
			sourceTree = "<group>";
		};
		CE4CF5F82A69D00600A206BD /* Model */ = {
			isa = PBXGroup;
			children = (
			);
			path = Model;
			sourceTree = "<group>";
		};
		CE4CF5F92A69D00D00A206BD /* Header */ = {
			isa = PBXGroup;
			children = (
			);
			path = Header;
			sourceTree = "<group>";
		};
		CE4CF5FA2A69D01D00A206BD /* Cell */ = {
			isa = PBXGroup;
			children = (
			);
			path = Cell;
			sourceTree = "<group>";
		};
/* End PBXGroup section */

/* Begin PBXNativeTarget section */
		CE4CF5DC2A69CE3F00A206BD /* IOS10-HW14-OZMANYAN AMO */ = {
			isa = PBXNativeTarget;
			buildConfigurationList = CE4CF5F12A69CE4100A206BD /* Build configuration list for PBXNativeTarget "IOS10-HW14-OZMANYAN AMO" */;
			buildPhases = (
				CE4CF5D92A69CE3F00A206BD /* Sources */,
				CE4CF5DA2A69CE3F00A206BD /* Frameworks */,
				CE4CF5DB2A69CE3F00A206BD /* Resources */,
			);
			buildRules = (
			);
			dependencies = (
			);
			name = "IOS10-HW14-OZMANYAN AMO";
			productName = "IOS10-HW14-OZMANYAN AMO";
			productReference = CE4CF5DD2A69CE3F00A206BD /* IOS10-HW14-OZMANYAN AMO.app */;
			productType = "com.apple.product-type.application";
		};
/* End PBXNativeTarget section */

/* Begin PBXProject section */
		CE4CF5D52A69CE3F00A206BD /* Project object */ = {
			isa = PBXProject;
			attributes = {
				BuildIndependentTargetsInParallel = 1;
				LastSwiftUpdateCheck = 1420;
				LastUpgradeCheck = 1420;
				TargetAttributes = {
					CE4CF5DC2A69CE3F00A206BD = {
						CreatedOnToolsVersion = 14.2;
					};
				};
			};
			buildConfigurationList = CE4CF5D82A69CE3F00A206BD /* Build configuration list for PBXProject "IOS10-HW14-OZMANYAN AMO" */;
			compatibilityVersion = "Xcode 14.0";
			developmentRegion = en;
			hasScannedForEncodings = 0;
			knownRegions = (
				en,
				Base,
			);
			mainGroup = CE4CF5D42A69CE3F00A206BD;
			productRefGroup = CE4CF5DE2A69CE3F00A206BD /* Products */;
			projectDirPath = "";
			projectRoot = "";
			targets = (
				CE4CF5DC2A69CE3F00A206BD /* IOS10-HW14-OZMANYAN AMO */,
			);
		};
/* End PBXProject section */

/* Begin PBXResourcesBuildPhase section */
		CE4CF5DB2A69CE3F00A206BD /* Resources */ = {
			isa = PBXResourcesBuildPhase;
			buildActionMask = 2147483647;
			files = (
				CE4CF5ED2A69CE4100A206BD /* LaunchScreen.storyboard in Resources */,
				CE4CF5EA2A69CE4100A206BD /* Assets.xcassets in Resources */,
			);
			runOnlyForDeploymentPostprocessing = 0;
		};
/* End PBXResourcesBuildPhase section */

/* Begin PBXSourcesBuildPhase section */
		CE4CF5D92A69CE3F00A206BD /* Sources */ = {
			isa = PBXSourcesBuildPhase;
			buildActionMask = 2147483647;
			files = (
				CE4CF5E52A69CE3F00A206BD /* ViewController.swift in Sources */,
				CE4CF5E12A69CE3F00A206BD /* AppDelegate.swift in Sources */,
				CE4CF5E32A69CE3F00A206BD /* SceneDelegate.swift in Sources */,
			);
			runOnlyForDeploymentPostprocessing = 0;
		};
/* End PBXSourcesBuildPhase section */

/* Begin PBXVariantGroup section */
		CE4CF5EB2A69CE4100A206BD /* LaunchScreen.storyboard */ = {
			isa = PBXVariantGroup;
			children = (
				CE4CF5EC2A69CE4100A206BD /* Base */,
			);
			name = LaunchScreen.storyboard;
			sourceTree = "<group>";
		};
/* End PBXVariantGroup section */

/* Begin XCBuildConfiguration section */
		CE4CF5EF2A69CE4100A206BD /* Debug */ = {
			isa = XCBuildConfiguration;
			buildSettings = {
				ALWAYS_SEARCH_USER_PATHS = NO;
				CLANG_ANALYZER_NONNULL = YES;
				CLANG_ANALYZER_NUMBER_OBJECT_CONVERSION = YES_AGGRESSIVE;
				CLANG_CXX_LANGUAGE_STANDARD = "gnu++20";
				CLANG_ENABLE_MODULES = YES;
				CLANG_ENABLE_OBJC_ARC = YES;
				CLANG_ENABLE_OBJC_WEAK = YES;
				CLANG_WARN_BLOCK_CAPTURE_AUTORELEASING = YES;
				CLANG_WARN_BOOL_CONVERSION = YES;
				CLANG_WARN_COMMA = YES;
				CLANG_WARN_CONSTANT_CONVERSION = YES;
				CLANG_WARN_DEPRECATED_OBJC_IMPLEMENTATIONS = YES;
				CLANG_WARN_DIRECT_OBJC_ISA_USAGE = YES_ERROR;
				CLANG_WARN_DOCUMENTATION_COMMENTS = YES;
				CLANG_WARN_EMPTY_BODY = YES;
				CLANG_WARN_ENUM_CONVERSION = YES;
				CLANG_WARN_INFINITE_RECURSION = YES;
				CLANG_WARN_INT_CONVERSION = YES;
				CLANG_WARN_NON_LITERAL_NULL_CONVERSION = YES;
				CLANG_WARN_OBJC_IMPLICIT_RETAIN_SELF = YES;
				CLANG_WARN_OBJC_LITERAL_CONVERSION = YES;
				CLANG_WARN_OBJC_ROOT_CLASS = YES_ERROR;
				CLANG_WARN_QUOTED_INCLUDE_IN_FRAMEWORK_HEADER = YES;
				CLANG_WARN_RANGE_LOOP_ANALYSIS = YES;
				CLANG_WARN_STRICT_PROTOTYPES = YES;
				CLANG_WARN_SUSPICIOUS_MOVE = YES;
				CLANG_WARN_UNGUARDED_AVAILABILITY = YES_AGGRESSIVE;
				CLANG_WARN_UNREACHABLE_CODE = YES;
				CLANG_WARN__DUPLICATE_METHOD_MATCH = YES;
				COPY_PHASE_STRIP = NO;
				DEBUG_INFORMATION_FORMAT = dwarf;
				ENABLE_STRICT_OBJC_MSGSEND = YES;
				ENABLE_TESTABILITY = YES;
				GCC_C_LANGUAGE_STANDARD = gnu11;
				GCC_DYNAMIC_NO_PIC = NO;
				GCC_NO_COMMON_BLOCKS = YES;
				GCC_OPTIMIZATION_LEVEL = 0;
				GCC_PREPROCESSOR_DEFINITIONS = (
					"DEBUG=1",
					"$(inherited)",
				);
				GCC_WARN_64_TO_32_BIT_CONVERSION = YES;
				GCC_WARN_ABOUT_RETURN_TYPE = YES_ERROR;
				GCC_WARN_UNDECLARED_SELECTOR = YES;
				GCC_WARN_UNINITIALIZED_AUTOS = YES_AGGRESSIVE;
				GCC_WARN_UNUSED_FUNCTION = YES;
				GCC_WARN_UNUSED_VARIABLE = YES;
				IPHONEOS_DEPLOYMENT_TARGET = 16.2;
				MTL_ENABLE_DEBUG_INFO = INCLUDE_SOURCE;
				MTL_FAST_MATH = YES;
				ONLY_ACTIVE_ARCH = YES;
				SDKROOT = iphoneos;
				SWIFT_ACTIVE_COMPILATION_CONDITIONS = DEBUG;
				SWIFT_OPTIMIZATION_LEVEL = "-Onone";
			};
			name = Debug;
		};
		CE4CF5F02A69CE4100A206BD /* Release */ = {
			isa = XCBuildConfiguration;
			buildSettings = {
				ALWAYS_SEARCH_USER_PATHS = NO;
				CLANG_ANALYZER_NONNULL = YES;
				CLANG_ANALYZER_NUMBER_OBJECT_CONVERSION = YES_AGGRESSIVE;
				CLANG_CXX_LANGUAGE_STANDARD = "gnu++20";
				CLANG_ENABLE_MODULES = YES;
				CLANG_ENABLE_OBJC_ARC = YES;
				CLANG_ENABLE_OBJC_WEAK = YES;
				CLANG_WARN_BLOCK_CAPTURE_AUTORELEASING = YES;
				CLANG_WARN_BOOL_CONVERSION = YES;
				CLANG_WARN_COMMA = YES;
				CLANG_WARN_CONSTANT_CONVERSION = YES;
				CLANG_WARN_DEPRECATED_OBJC_IMPLEMENTATIONS = YES;
				CLANG_WARN_DIRECT_OBJC_ISA_USAGE = YES_ERROR;
				CLANG_WARN_DOCUMENTATION_COMMENTS = YES;
				CLANG_WARN_EMPTY_BODY = YES;
				CLANG_WARN_ENUM_CONVERSION = YES;
				CLANG_WARN_INFINITE_RECURSION = YES;
				CLANG_WARN_INT_CONVERSION = YES;
				CLANG_WARN_NON_LITERAL_NULL_CONVERSION = YES;
				CLANG_WARN_OBJC_IMPLICIT_RETAIN_SELF = YES;
				CLANG_WARN_OBJC_LITERAL_CONVERSION = YES;
				CLANG_WARN_OBJC_ROOT_CLASS = YES_ERROR;
				CLANG_WARN_QUOTED_INCLUDE_IN_FRAMEWORK_HEADER = YES;
				CLANG_WARN_RANGE_LOOP_ANALYSIS = YES;
				CLANG_WARN_STRICT_PROTOTYPES = YES;
				CLANG_WARN_SUSPICIOUS_MOVE = YES;
				CLANG_WARN_UNGUARDED_AVAILABILITY = YES_AGGRESSIVE;
				CLANG_WARN_UNREACHABLE_CODE = YES;
				CLANG_WARN__DUPLICATE_METHOD_MATCH = YES;
				COPY_PHASE_STRIP = NO;
				DEBUG_INFORMATION_FORMAT = "dwarf-with-dsym";
				ENABLE_NS_ASSERTIONS = NO;
				ENABLE_STRICT_OBJC_MSGSEND = YES;
				GCC_C_LANGUAGE_STANDARD = gnu11;
				GCC_NO_COMMON_BLOCKS = YES;
				GCC_WARN_64_TO_32_BIT_CONVERSION = YES;
				GCC_WARN_ABOUT_RETURN_TYPE = YES_ERROR;
				GCC_WARN_UNDECLARED_SELECTOR = YES;
				GCC_WARN_UNINITIALIZED_AUTOS = YES_AGGRESSIVE;
				GCC_WARN_UNUSED_FUNCTION = YES;
				GCC_WARN_UNUSED_VARIABLE = YES;
				IPHONEOS_DEPLOYMENT_TARGET = 16.2;
				MTL_ENABLE_DEBUG_INFO = NO;
				MTL_FAST_MATH = YES;
				SDKROOT = iphoneos;
				SWIFT_COMPILATION_MODE = wholemodule;
				SWIFT_OPTIMIZATION_LEVEL = "-O";
				VALIDATE_PRODUCT = YES;
			};
			name = Release;
		};
		CE4CF5F22A69CE4100A206BD /* Debug */ = {
			isa = XCBuildConfiguration;
			buildSettings = {
				ASSETCATALOG_COMPILER_APPICON_NAME = AppIcon;
				ASSETCATALOG_COMPILER_GLOBAL_ACCENT_COLOR_NAME = AccentColor;
				CODE_SIGN_STYLE = Automatic;
				CURRENT_PROJECT_VERSION = 1;
				GENERATE_INFOPLIST_FILE = YES;
				INFOPLIST_FILE = "IOS10-HW14-OZMANYAN AMO/Resourses/Info.plist";
				INFOPLIST_KEY_UIApplicationSupportsIndirectInputEvents = YES;
				INFOPLIST_KEY_UILaunchStoryboardName = LaunchScreen;
				INFOPLIST_KEY_UISupportedInterfaceOrientations_iPad = "UIInterfaceOrientationPortrait UIInterfaceOrientationPortraitUpsideDown UIInterfaceOrientationLandscapeLeft UIInterfaceOrientationLandscapeRight";
				INFOPLIST_KEY_UISupportedInterfaceOrientations_iPhone = "UIInterfaceOrientationPortrait UIInterfaceOrientationLandscapeLeft UIInterfaceOrientationLandscapeRight";
				LD_RUNPATH_SEARCH_PATHS = (
					"$(inherited)",
					"@executable_path/Frameworks",
				);
				MARKETING_VERSION = 1.0;
				PRODUCT_BUNDLE_IDENTIFIER = "com.my.IOS10-HW14-OZMANYAN-AMO";
				PRODUCT_NAME = "$(TARGET_NAME)";
				SWIFT_EMIT_LOC_STRINGS = YES;
				SWIFT_VERSION = 5.0;
				TARGETED_DEVICE_FAMILY = "1,2";
			};
			name = Debug;
		};
		CE4CF5F32A69CE4100A206BD /* Release */ = {
			isa = XCBuildConfiguration;
			buildSettings = {
				ASSETCATALOG_COMPILER_APPICON_NAME = AppIcon;
				ASSETCATALOG_COMPILER_GLOBAL_ACCENT_COLOR_NAME = AccentColor;
				CODE_SIGN_STYLE = Automatic;
				CURRENT_PROJECT_VERSION = 1;
				GENERATE_INFOPLIST_FILE = YES;
				INFOPLIST_FILE = "IOS10-HW14-OZMANYAN AMO/Resourses/Info.plist";
				INFOPLIST_KEY_UIApplicationSupportsIndirectInputEvents = YES;
				INFOPLIST_KEY_UILaunchStoryboardName = LaunchScreen;
				INFOPLIST_KEY_UISupportedInterfaceOrientations_iPad = "UIInterfaceOrientationPortrait UIInterfaceOrientationPortraitUpsideDown UIInterfaceOrientationLandscapeLeft UIInterfaceOrientationLandscapeRight";
				INFOPLIST_KEY_UISupportedInterfaceOrientations_iPhone = "UIInterfaceOrientationPortrait UIInterfaceOrientationLandscapeLeft UIInterfaceOrientationLandscapeRight";
				LD_RUNPATH_SEARCH_PATHS = (
					"$(inherited)",
					"@executable_path/Frameworks",
				);
				MARKETING_VERSION = 1.0;
				PRODUCT_BUNDLE_IDENTIFIER = "com.my.IOS10-HW14-OZMANYAN-AMO";
				PRODUCT_NAME = "$(TARGET_NAME)";
				SWIFT_EMIT_LOC_STRINGS = YES;
				SWIFT_VERSION = 5.0;
				TARGETED_DEVICE_FAMILY = "1,2";
			};
			name = Release;
		};
/* End XCBuildConfiguration section */

/* Begin XCConfigurationList section */
		CE4CF5D82A69CE3F00A206BD /* Build configuration list for PBXProject "IOS10-HW14-OZMANYAN AMO" */ = {
			isa = XCConfigurationList;
			buildConfigurations = (
				CE4CF5EF2A69CE4100A206BD /* Debug */,
				CE4CF5F02A69CE4100A206BD /* Release */,
			);
			defaultConfigurationIsVisible = 0;
			defaultConfigurationName = Release;
		};
		CE4CF5F12A69CE4100A206BD /* Build configuration list for PBXNativeTarget "IOS10-HW14-OZMANYAN AMO" */ = {
			isa = XCConfigurationList;
			buildConfigurations = (
				CE4CF5F22A69CE4100A206BD /* Debug */,
				CE4CF5F32A69CE4100A206BD /* Release */,
			);
			defaultConfigurationIsVisible = 0;
			defaultConfigurationName = Release;
		};
/* End XCConfigurationList section */
	};
	rootObject = CE4CF5D52A69CE3F00A206BD /* Project object */;
}
